Microsoft Visual Studio Solution File, Format Version 12.00
# Visual Studio Version 17
VisualStudioVersion = 17.5.2.0
MinimumVisualStudioVersion = 10.0.40219.1
Project("{2150E333-8FDC-42A3-9474-1A3956D46DE8}") = "backend", "backend", "{1AE8ACA6-933B-BF2A-3671-3E2EAC007D16}"
EndProject
Project("{FAE04EC0-301F-11D3-BF4B-00C04F79EFBC}") = "CarCharge.Api", "backend\CarCharge.Api\CarCharge.Api.csproj", "{B2BEB007-C6EE-D904-47C5-8B1C25C11CB4}"
EndProject
Project("{FAE04EC0-301F-11D3-BF4B-00C04F79EFBC}") = "CarCharge.Api.Tests", "backend\CarCharge.Api.Tests\CarCharge.Api.Tests.csproj", "{D5D7D0F4-3A47-4B6C-9E31-4C8C33D7F8D1}"
EndProject
Global
	GlobalSection(SolutionConfigurationPlatforms) = preSolution
		Debug|Any CPU = Debug|Any CPU
		Release|Any CPU = Release|Any CPU
	EndGlobalSection
	GlobalSection(ProjectConfigurationPlatforms) = postSolution
		{B2BEB007-C6EE-D904-47C5-8B1C25C11CB4}.Debug|Any CPU.ActiveCfg = Debug|Any CPU
		{B2BEB007-C6EE-D904-47C5-8B1C25C11CB4}.Debug|Any CPU.Build.0 = Debug|Any CPU
		{B2BEB007-C6EE-D904-47C5-8B1C25C11CB4}.Release|Any CPU.ActiveCfg = Release|Any CPU
		{B2BEB007-C6EE-D904-47C5-8B1C25C11CB4}.Release|Any CPU.Build.0 = Release|Any CPU
		{D5D7D0F4-3A47-4B6C-9E31-4C8C33D7F8D1}.Debug|Any CPU.ActiveCfg = Debug|Any CPU
		{D5D7D0F4-3A47-4B6C-9E31-4C8C33D7F8D1}.Debug|Any CPU.Build.0 = Debug|Any CPU
		{D5D7D0F4-3A47-4B6C-9E31-4C8C33D7F8D1}.Release|Any CPU.ActiveCfg = Release|Any CPU
		{D5D7D0F4-3A47-4B6C-9E31-4C8C33D7F8D1}.Release|Any CPU.Build.0 = Release|Any CPU
	EndGlobalSection
	GlobalSection(SolutionProperties) = preSolution
		HideSolutionNode = FALSE
	EndGlobalSection
	GlobalSection(NestedProjects) = preSolution
		{B2BEB007-C6EE-D904-47C5-8B1C25C11CB4} = {1AE8ACA6-933B-BF2A-3671-3E2EAC007D16}
		{D5D7D0F4-3A47-4B6C-9E31-4C8C33D7F8D1} = {1AE8ACA6-933B-BF2A-3671-3E2EAC007D16}
	EndGlobalSection
	GlobalSection(ExtensibilityGlobals) = postSolution
		SolutionGuid = {A205E929-A63C-4296-A58D-8B4D9F31D476}
	EndGlobalSection
EndGlobal
